
Microsoft Visual Studio Solution File, Format Version 11.00
# Visual Studio 2010
Project("{FAE04EC0-301F-11D3-BF4B-00C04F79EFBC}") = "Assembly-CSharp", "Assembly-CSharp.csproj", "{910a9259-f259-253c-2df9-527aaede305e}"
EndProject
Project("{FAE04EC0-301F-11D3-BF4B-00C04F79EFBC}") = "NavMeshComponents", "NavMeshComponents.csproj", "{02cdf1e1-faf6-288c-0991-caaa71bb3797}"
EndProject
Project("{FAE04EC0-301F-11D3-BF4B-00C04F79EFBC}") = "NavMeshComponentsEditor", "NavMeshComponentsEditor.csproj", "{f4547647-cece-56dd-6609-1278f5504bc1}"
EndProject
Project("{FAE04EC0-301F-11D3-BF4B-00C04F79EFBC}") = "Assembly-CSharp-Editor", "Assembly-CSharp-Editor.csproj", "{8aa39b76-1b14-4506-833a-ff003415f1f9}"
EndProject
Global
	GlobalSection(SolutionConfigurationPlatforms) = preSolution
		Debug|Any CPU = Debug|Any CPU
	EndGlobalSection
	GlobalSection(ProjectConfigurationPlatforms) = postSolution
		{910a9259-f259-253c-2df9-527aaede305e}.Debug|Any CPU.ActiveCfg = Debug|Any CPU
		{910a9259-f259-253c-2df9-527aaede305e}.Debug|Any CPU.Build.0 = Debug|Any CPU
		{02cdf1e1-faf6-288c-0991-caaa71bb3797}.Debug|Any CPU.ActiveCfg = Debug|Any CPU
		{02cdf1e1-faf6-288c-0991-caaa71bb3797}.Debug|Any CPU.Build.0 = Debug|Any CPU
		{f4547647-cece-56dd-6609-1278f5504bc1}.Debug|Any CPU.ActiveCfg = Debug|Any CPU
		{f4547647-cece-56dd-6609-1278f5504bc1}.Debug|Any CPU.Build.0 = Debug|Any CPU
		{8aa39b76-1b14-4506-833a-ff003415f1f9}.Debug|Any CPU.ActiveCfg = Debug|Any CPU
		{8aa39b76-1b14-4506-833a-ff003415f1f9}.Debug|Any CPU.Build.0 = Debug|Any CPU
	EndGlobalSection
	GlobalSection(SolutionProperties) = preSolution
		HideSolutionNode = FALSE
	EndGlobalSection
EndGlobal
